
Microsoft Visual Studio Solution File, Format Version 12.00
# Visual Studio Version 17
VisualStudioVersion = 17.1.32328.378
MinimumVisualStudioVersion = 10.0.40219.1
Project("{FAE04EC0-301F-11D3-BF4B-00C04F79EFBC}") = "JobOffice", "JobOffice.csproj", "{F5A7FF65-EF60-40D7-99F0-D239B149C69B}"
EndProject
Global
	GlobalSection(SolutionConfigurationPlatforms) = preSolution
		Debug|Any CPU = Debug|Any CPU
		Release|Any CPU = Release|Any CPU
	EndGlobalSection
	GlobalSection(ProjectConfigurationPlatforms) = postSolution
		{F5A7FF65-EF60-40D7-99F0-D239B149C69B}.Debug|Any CPU.ActiveCfg = Debug|Any CPU
		{F5A7FF65-EF60-40D7-99F0-D239B149C69B}.Debug|Any CPU.Build.0 = Debug|Any CPU
		{F5A7FF65-EF60-40D7-99F0-D239B149C69B}.Release|Any CPU.ActiveCfg = Release|Any CPU
		{F5A7FF65-EF60-40D7-99F0-D239B149C69B}.Release|Any CPU.Build.0 = Release|Any CPU
	EndGlobalSection
	GlobalSection(SolutionProperties) = preSolution
		HideSolutionNode = FALSE
	EndGlobalSection
	GlobalSection(ExtensibilityGlobals) = postSolution
		SolutionGuid = {F474382A-7F7F-4FB5-8DB2-A396CF14AFD6}
	EndGlobalSection
EndGlobal
